
Microsoft Visual Studio Solution File, Format Version 12.00
# Visual Studio Version 17
VisualStudioVersion = 17.11.35312.102
MinimumVisualStudioVersion = 10.0.40219.1
Project("{FAE04EC0-301F-11D3-BF4B-00C04F79EFBC}") = "Todo.Application", "Todo.Application\Todo.Application.csproj", "{CA0026F1-77C3-409A-A68B-6FD104284CAC}"
EndProject
Project("{FAE04EC0-301F-11D3-BF4B-00C04F79EFBC}") = "Todo.Domain", "Todo.Domain\Todo.Domain.csproj", "{78C7D6B6-D387-4C55-B238-D0D0414818EA}"
EndProject
Project("{FAE04EC0-301F-11D3-BF4B-00C04F79EFBC}") = "Todo.Infrastructure", "Todo.Infrastructure\Todo.Infrastructure.csproj", "{3E5B3CB8-6A93-4DBD-A4DF-16E62713BB52}"
EndProject
Project("{FAE04EC0-301F-11D3-BF4B-00C04F79EFBC}") = "Todo.Presentation", "Todo.Presentation\Todo.Presentation.csproj", "{606AF5D6-9419-4EB9-821A-A39BC2E22419}"
EndProject
Project("{FAE04EC0-301F-11D3-BF4B-00C04F79EFBC}") = "TodoApp.Tests", "TodoApp.Tests\TodoApp.Tests.csproj", "{E616656F-0AFC-4FA8-AF4A-D11CB22B8D1C}"
EndProject
Global
	GlobalSection(SolutionConfigurationPlatforms) = preSolution
		Debug|Any CPU = Debug|Any CPU
		Release|Any CPU = Release|Any CPU
	EndGlobalSection
	GlobalSection(ProjectConfigurationPlatforms) = postSolution
		{CA0026F1-77C3-409A-A68B-6FD104284CAC}.Debug|Any CPU.ActiveCfg = Debug|Any CPU
		{CA0026F1-77C3-409A-A68B-6FD104284CAC}.Debug|Any CPU.Build.0 = Debug|Any CPU
		{CA0026F1-77C3-409A-A68B-6FD104284CAC}.Release|Any CPU.ActiveCfg = Release|Any CPU
		{CA0026F1-77C3-409A-A68B-6FD104284CAC}.Release|Any CPU.Build.0 = Release|Any CPU
		{78C7D6B6-D387-4C55-B238-D0D0414818EA}.Debug|Any CPU.ActiveCfg = Debug|Any CPU
		{78C7D6B6-D387-4C55-B238-D0D0414818EA}.Debug|Any CPU.Build.0 = Debug|Any CPU
		{78C7D6B6-D387-4C55-B238-D0D0414818EA}.Release|Any CPU.ActiveCfg = Release|Any CPU
		{78C7D6B6-D387-4C55-B238-D0D0414818EA}.Release|Any CPU.Build.0 = Release|Any CPU
		{3E5B3CB8-6A93-4DBD-A4DF-16E62713BB52}.Debug|Any CPU.ActiveCfg = Debug|Any CPU
		{3E5B3CB8-6A93-4DBD-A4DF-16E62713BB52}.Debug|Any CPU.Build.0 = Debug|Any CPU
		{3E5B3CB8-6A93-4DBD-A4DF-16E62713BB52}.Release|Any CPU.ActiveCfg = Release|Any CPU
		{3E5B3CB8-6A93-4DBD-A4DF-16E62713BB52}.Release|Any CPU.Build.0 = Release|Any CPU
		{606AF5D6-9419-4EB9-821A-A39BC2E22419}.Debug|Any CPU.ActiveCfg = Debug|Any CPU
		{606AF5D6-9419-4EB9-821A-A39BC2E22419}.Debug|Any CPU.Build.0 = Debug|Any CPU
		{606AF5D6-9419-4EB9-821A-A39BC2E22419}.Release|Any CPU.ActiveCfg = Release|Any CPU
		{606AF5D6-9419-4EB9-821A-A39BC2E22419}.Release|Any CPU.Build.0 = Release|Any CPU
		{E616656F-0AFC-4FA8-AF4A-D11CB22B8D1C}.Debug|Any CPU.ActiveCfg = Debug|Any CPU
		{E616656F-0AFC-4FA8-AF4A-D11CB22B8D1C}.Debug|Any CPU.Build.0 = Debug|Any CPU
		{E616656F-0AFC-4FA8-AF4A-D11CB22B8D1C}.Release|Any CPU.ActiveCfg = Release|Any CPU
		{E616656F-0AFC-4FA8-AF4A-D11CB22B8D1C}.Release|Any CPU.Build.0 = Release|Any CPU
	EndGlobalSection
	GlobalSection(SolutionProperties) = preSolution
		HideSolutionNode = FALSE
	EndGlobalSection
	GlobalSection(ExtensibilityGlobals) = postSolution
		SolutionGuid = {4443D922-C480-48AD-ACFB-F2EBC4DE6BDE}
	EndGlobalSection
EndGlobal
